
Microsoft Visual Studio Solution File, Format Version 12.00
# Visual Studio Version 16
VisualStudioVersion = 16.0.32602.291
MinimumVisualStudioVersion = 10.0.40219.1
Project("{9A19103F-16F7-4668-BE54-9A1E7A4F7556}") = "Tizhoshan.Web", "Tizhoshan.Web\Tizhoshan.Web.csproj", "{147BCFFC-7F5F-47D3-8DCF-0B431B95B9B4}"
EndProject
Project("{9A19103F-16F7-4668-BE54-9A1E7A4F7556}") = "Tizhoshan.DataLayer", "Tizhoshan.DataLayer\Tizhoshan.DataLayer.csproj", "{6BD089CB-C738-441A-AC51-3ACB9554AC95}"
EndProject
Project("{9A19103F-16F7-4668-BE54-9A1E7A4F7556}") = "Tizhoshan.ServiceLayer", "Tizhoshan.Service\Tizhoshan.ServiceLayer.csproj", "{BFA3936D-B0D6-4799-873C-100EBCF80CDD}"
EndProject
Global
	GlobalSection(SolutionConfigurationPlatforms) = preSolution
		Debug|Any CPU = Debug|Any CPU
		Release|Any CPU = Release|Any CPU
	EndGlobalSection
	GlobalSection(ProjectConfigurationPlatforms) = postSolution
		{147BCFFC-7F5F-47D3-8DCF-0B431B95B9B4}.Debug|Any CPU.ActiveCfg = Debug|Any CPU
		{147BCFFC-7F5F-47D3-8DCF-0B431B95B9B4}.Debug|Any CPU.Build.0 = Debug|Any CPU
		{147BCFFC-7F5F-47D3-8DCF-0B431B95B9B4}.Release|Any CPU.ActiveCfg = Release|Any CPU
		{147BCFFC-7F5F-47D3-8DCF-0B431B95B9B4}.Release|Any CPU.Build.0 = Release|Any CPU
		{6BD089CB-C738-441A-AC51-3ACB9554AC95}.Debug|Any CPU.ActiveCfg = Debug|Any CPU
		{6BD089CB-C738-441A-AC51-3ACB9554AC95}.Debug|Any CPU.Build.0 = Debug|Any CPU
		{6BD089CB-C738-441A-AC51-3ACB9554AC95}.Release|Any CPU.ActiveCfg = Release|Any CPU
		{6BD089CB-C738-441A-AC51-3ACB9554AC95}.Release|Any CPU.Build.0 = Release|Any CPU
		{BFA3936D-B0D6-4799-873C-100EBCF80CDD}.Debug|Any CPU.ActiveCfg = Debug|Any CPU
		{BFA3936D-B0D6-4799-873C-100EBCF80CDD}.Debug|Any CPU.Build.0 = Debug|Any CPU
		{BFA3936D-B0D6-4799-873C-100EBCF80CDD}.Release|Any CPU.ActiveCfg = Release|Any CPU
		{BFA3936D-B0D6-4799-873C-100EBCF80CDD}.Release|Any CPU.Build.0 = Release|Any CPU
	EndGlobalSection
	GlobalSection(SolutionProperties) = preSolution
		HideSolutionNode = FALSE
	EndGlobalSection
	GlobalSection(ExtensibilityGlobals) = postSolution
		SolutionGuid = {6CE287DE-C984-41C3-B5EE-F9288BADA50D}
	EndGlobalSection
EndGlobal
